
Microsoft Visual Studio Solution File, Format Version 12.00
# Visual Studio 2013
VisualStudioVersion = 12.0.21005.1
MinimumVisualStudioVersion = 10.0.40219.1
Project("{FAE04EC0-301F-11D3-BF4B-00C04F79EFBC}") = "Luolu", "Luolu\Luolu.csproj", "{C5E5712F-35DE-4CEB-84D2-68D39FE66CE6}"
EndProject
Project("{FAE04EC0-301F-11D3-BF4B-00C04F79EFBC}") = "MyFramework", "MyFramework\MyFramework.csproj", "{64F3A68B-E552-4BA7-8B8A-471351979CA4}"
EndProject
Project("{FAE04EC0-301F-11D3-BF4B-00C04F79EFBC}") = "ConfigFramework", "..\ConfigFramework\ConfigFramework\ConfigFramework.csproj", "{568944FD-FBF8-4101-9561-970CCA5ADB2C}"
EndProject
Global
	GlobalSection(SolutionConfigurationPlatforms) = preSolution
		Debug|Any CPU = Debug|Any CPU
		Release|Any CPU = Release|Any CPU
	EndGlobalSection
	GlobalSection(ProjectConfigurationPlatforms) = postSolution
		{C5E5712F-35DE-4CEB-84D2-68D39FE66CE6}.Debug|Any CPU.ActiveCfg = Debug|Any CPU
		{C5E5712F-35DE-4CEB-84D2-68D39FE66CE6}.Debug|Any CPU.Build.0 = Debug|Any CPU
		{C5E5712F-35DE-4CEB-84D2-68D39FE66CE6}.Release|Any CPU.ActiveCfg = Release|Any CPU
		{C5E5712F-35DE-4CEB-84D2-68D39FE66CE6}.Release|Any CPU.Build.0 = Release|Any CPU
		{64F3A68B-E552-4BA7-8B8A-471351979CA4}.Debug|Any CPU.ActiveCfg = Debug|Any CPU
		{64F3A68B-E552-4BA7-8B8A-471351979CA4}.Debug|Any CPU.Build.0 = Debug|Any CPU
		{64F3A68B-E552-4BA7-8B8A-471351979CA4}.Release|Any CPU.ActiveCfg = Release|Any CPU
		{64F3A68B-E552-4BA7-8B8A-471351979CA4}.Release|Any CPU.Build.0 = Release|Any CPU
		{568944FD-FBF8-4101-9561-970CCA5ADB2C}.Debug|Any CPU.ActiveCfg = Debug|Any CPU
		{568944FD-FBF8-4101-9561-970CCA5ADB2C}.Debug|Any CPU.Build.0 = Debug|Any CPU
		{568944FD-FBF8-4101-9561-970CCA5ADB2C}.Release|Any CPU.ActiveCfg = Release|Any CPU
		{568944FD-FBF8-4101-9561-970CCA5ADB2C}.Release|Any CPU.Build.0 = Release|Any CPU
	EndGlobalSection
	GlobalSection(SolutionProperties) = preSolution
		HideSolutionNode = FALSE
	EndGlobalSection
EndGlobal
